
Microsoft Visual Studio Solution File, Format Version 12.00
# Visual Studio Version 16
VisualStudioVersion = 16.0.30907.101
MinimumVisualStudioVersion = 10.0.40219.1
Project("{9A19103F-16F7-4668-BE54-9A1E7A4F7556}") = "Example_ADO.NET", "Example_ADO.NET.csproj", "{EAC513D4-8070-4C03-B4DF-9A72F1850C58}"
EndProject
Project("{9A19103F-16F7-4668-BE54-9A1E7A4F7556}") = "DataBaseModels", "..\DataBaseModels\DataBaseModels.csproj", "{8F9EEB63-30AB-4537-B802-17DCE3B227CB}"
EndProject
Project("{9A19103F-16F7-4668-BE54-9A1E7A4F7556}") = "DataBaseConnector", "..\DataBaseConnector\DataBaseConnector.csproj", "{357B0287-600B-473C-95DA-3635E1C31707}"
EndProject
Global
	GlobalSection(SolutionConfigurationPlatforms) = preSolution
		Debug|Any CPU = Debug|Any CPU
		Release|Any CPU = Release|Any CPU
	EndGlobalSection
	GlobalSection(ProjectConfigurationPlatforms) = postSolution
		{EAC513D4-8070-4C03-B4DF-9A72F1850C58}.Debug|Any CPU.ActiveCfg = Debug|Any CPU
		{EAC513D4-8070-4C03-B4DF-9A72F1850C58}.Debug|Any CPU.Build.0 = Debug|Any CPU
		{EAC513D4-8070-4C03-B4DF-9A72F1850C58}.Release|Any CPU.ActiveCfg = Release|Any CPU
		{EAC513D4-8070-4C03-B4DF-9A72F1850C58}.Release|Any CPU.Build.0 = Release|Any CPU
		{8F9EEB63-30AB-4537-B802-17DCE3B227CB}.Debug|Any CPU.ActiveCfg = Debug|Any CPU
		{8F9EEB63-30AB-4537-B802-17DCE3B227CB}.Debug|Any CPU.Build.0 = Debug|Any CPU
		{8F9EEB63-30AB-4537-B802-17DCE3B227CB}.Release|Any CPU.ActiveCfg = Release|Any CPU
		{8F9EEB63-30AB-4537-B802-17DCE3B227CB}.Release|Any CPU.Build.0 = Release|Any CPU
		{357B0287-600B-473C-95DA-3635E1C31707}.Debug|Any CPU.ActiveCfg = Debug|Any CPU
		{357B0287-600B-473C-95DA-3635E1C31707}.Debug|Any CPU.Build.0 = Debug|Any CPU
		{357B0287-600B-473C-95DA-3635E1C31707}.Release|Any CPU.ActiveCfg = Release|Any CPU
		{357B0287-600B-473C-95DA-3635E1C31707}.Release|Any CPU.Build.0 = Release|Any CPU
	EndGlobalSection
	GlobalSection(SolutionProperties) = preSolution
		HideSolutionNode = FALSE
	EndGlobalSection
	GlobalSection(ExtensibilityGlobals) = postSolution
		SolutionGuid = {E5DEF8D6-2BC8-4538-B8BE-7D7DCBCE6AD1}
	EndGlobalSection
EndGlobal
